
Microsoft Visual Studio Solution File, Format Version 12.00
# Visual Studio Version 17
VisualStudioVersion = 17.3.32929.385
MinimumVisualStudioVersion = 10.0.40219.1
Project("{FAE04EC0-301F-11D3-BF4B-00C04F79EFBC}") = "Baciu_Sebastian_Lab2", "Baciu_Sebastian_Lab2.csproj", "{1FAC8CA7-ED90-487C-A6A7-194B7B710544}"
EndProject
Global
	GlobalSection(SolutionConfigurationPlatforms) = preSolution
		Debug|Any CPU = Debug|Any CPU
		Release|Any CPU = Release|Any CPU
	EndGlobalSection
	GlobalSection(ProjectConfigurationPlatforms) = postSolution
		{1FAC8CA7-ED90-487C-A6A7-194B7B710544}.Debug|Any CPU.ActiveCfg = Debug|Any CPU
		{1FAC8CA7-ED90-487C-A6A7-194B7B710544}.Debug|Any CPU.Build.0 = Debug|Any CPU
		{1FAC8CA7-ED90-487C-A6A7-194B7B710544}.Release|Any CPU.ActiveCfg = Release|Any CPU
		{1FAC8CA7-ED90-487C-A6A7-194B7B710544}.Release|Any CPU.Build.0 = Release|Any CPU
	EndGlobalSection
	GlobalSection(SolutionProperties) = preSolution
		HideSolutionNode = FALSE
	EndGlobalSection
	GlobalSection(ExtensibilityGlobals) = postSolution
		SolutionGuid = {011BD802-DF14-42F7-863F-D4A8A4406F18}
	EndGlobalSection
EndGlobal
